# Generated by pub
# See https://dart.dev/tools/pub/glossary#lockfile
packages:
  advance_pdf_viewer:
    dependency: "direct main"
    description:
      name: advance_pdf_viewer
      sha256: "13b8c33d8d9d719e961b35b9f71c000321095f1a552204fee69ec3688a4e9488"
      url: "https://pub.dartlang.org"
    source: hosted
    version: "1.1.6"
  async:
    dependency: transitive
    description:
      name: async
      sha256: bfe67ef28df125b7dddcea62755991f807aa39a2492a23e1550161692950bbe0
      url: "https://pub.dartlang.org"
    source: hosted
    version: "2.10.0"
  boolean_selector:
    dependency: transitive
    description:
      name: boolean_selector
      sha256: "6cfb5af12253eaf2b368f07bacc5a80d1301a071c73360d746b7f2e32d762c66"
      url: "https://pub.dartlang.org"
    source: hosted
    version: "2.1.1"
  cached_network_image:
    dependency: "direct main"
    description:
      name: cached_network_image
      sha256: a72dd9cd5b7736b30b2d0a55af94f05b1755bc04448c74314c831ee44e3550c9
      url: "https://pub.dartlang.org"
    source: hosted
    version: "2.1.0+1"
  characters:
    dependency: transitive
    description:
      name: characters
      sha256: e6a326c8af69605aec75ed6c187d06b349707a27fbff8222ca9cc2cff167975c
      url: "https://pub.dartlang.org"
    source: hosted
    version: "1.2.1"
  charcode:
    dependency: transitive
    description:
      name: charcode
      sha256: abac3bd18780f688ff2b93914f7ed2d4e9405835cbed1f09298ef65e278f23a2
      url: "https://pub.dartlang.org"
    source: hosted
    version: "1.1.3"
  chewie:
    dependency: "direct main"
    description:
      name: chewie
      sha256: "5996b888dd02e421496c4c6d9838cf5288a813633d429663823f272c9c15ddb9"
      url: "https://pub.dartlang.org"
    source: hosted
    version: "0.9.10"
  clock:
    dependency: transitive
    description:
      name: clock
      sha256: cb6d7f03e1de671e34607e909a7213e31d7752be4fb66a86d29fe1eb14bfb5cf
      url: "https://pub.dartlang.org"
    source: hosted
    version: "1.1.1"
  cloud_firestore:
    dependency: "direct main"
    description:
      name: cloud_firestore
      sha256: "8e3b94c4ac8eccc16e15930c8ba3206abbad0ae340c056aa2a34169503884f4d"
      url: "https://pub.dartlang.org"
    source: hosted
    version: "0.13.4+2"
  cloud_firestore_platform_interface:
    dependency: transitive
    description:
      name: cloud_firestore_platform_interface
      sha256: e919394cba091b9975bd49239ea8927d023c7b4eadde4cedac847c5731af7f9e
      url: "https://pub.dartlang.org"
    source: hosted
    version: "1.1.0"
  cloud_firestore_web:
    dependency: transitive
    description:
      name: cloud_firestore_web
      sha256: "84f1cda13ea742dedd1e0bcee8217f5f8e43c5b16f700e3f600c8592ce5c8970"
      url: "https://pub.dartlang.org"
    source: hosted
    version: "0.1.1+2"
  collection:
    dependency: transitive
    description:
      name: collection
      sha256: cfc915e6923fe5ce6e153b0723c753045de46de1b4d63771530504004a45fae0
      url: "https://pub.dartlang.org"
    source: hosted
    version: "1.17.0"
  connectivity:
    dependency: "direct main"
    description:
      name: connectivity
      sha256: "8e76a17f08ff6ffd134e963837b030feb6d0457d2d9c0b2c322456c54e0790be"
      url: "https://pub.dartlang.org"
    source: hosted
    version: "0.4.8+2"
  connectivity_macos:
    dependency: transitive
    description:
      name: connectivity_macos
      sha256: "8ae7457947f129eb6c87f941a5c0fba4420c75e3a8655f940f66ddc61e6820c2"
      url: "https://pub.dartlang.org"
    source: hosted
    version: "0.1.0+2"
  connectivity_platform_interface:
    dependency: transitive
    description:
      name: connectivity_platform_interface
      sha256: "019e11f1cb5f1c81668645c2255d7da0c2eb480893e1bb14f3ee3193f9929994"
      url: "https://pub.dartlang.org"
    source: hosted
    version: "1.0.3"
  convert:
    dependency: transitive
    description:
      name: convert
      sha256: "3fa83bc417e26f1d55814443a603747d48e3cdf55b2f4fea27dea8e9224dcefd"
      url: "https://pub.dartlang.org"
    source: hosted
    version: "2.1.1"
  crypto:
    dependency: transitive
    description:
      name: crypto
      sha256: "9573b41053730155edbc2b883717c467648de3f1fe74171d62ca7b9c899014ec"
      url: "https://pub.dartlang.org"
    source: hosted
    version: "2.1.4"
  cupertino_icons:
    dependency: "direct main"
    description:
      name: cupertino_icons
      sha256: a937da4c006989739ceb4d10e3bd6cce64ca85d0fe287fc5b2b9f6ee757dcee6
      url: "https://pub.dartlang.org"
    source: hosted
    version: "0.1.3"
  fake_async:
    dependency: transitive
    description:
      name: fake_async
      sha256: "511392330127add0b769b75a987850d136345d9227c6b94c96a04cf4a391bf78"
      url: "https://pub.dartlang.org"
    source: hosted
    version: "1.3.1"
  file:
    dependency: transitive
    description:
      name: file
      sha256: "657a39c74f63d20c2118455e568b33ee31aa370f258c261888cae4e934371199"
      url: "https://pub.dartlang.org"
    source: hosted
    version: "5.1.0"
  file_picker:
    dependency: "direct main"
    description:
      name: file_picker
      sha256: "842c5955b5669cd9a0a274c4ce706fb7e8737e50f7b79be522bae70327eafd01"
      url: "https://pub.dartlang.org"
    source: hosted
    version: "1.6.3+2"
  firebase:
    dependency: transitive
    description:
      name: firebase
      sha256: c6d17b6e3f68cfe85a3a6f83c697e1745fa78e50f8f73be27b3d8a14364dccc8
      url: "https://pub.dartlang.org"
    source: hosted
    version: "7.2.1"
  firebase_auth:
    dependency: "direct main"
    description:
      name: firebase_auth
      sha256: "85375102746ebfae0378d77131220fd4a973545b0c2185b493a0e0a0564cc8ca"
      url: "https://pub.dartlang.org"
    source: hosted
    version: "0.15.5+3"
  firebase_auth_platform_interface:
    dependency: transitive
    description:
      name: firebase_auth_platform_interface
      sha256: "27ca1807dd7c78e254cc348134340016c4215d557f59d12d76122df3451e44de"
      url: "https://pub.dartlang.org"
    source: hosted
    version: "1.1.7"
  firebase_auth_web:
    dependency: transitive
    description:
      name: firebase_auth_web
      sha256: "0ac10e364bc962755035447f778e86bc8749628104b53056a68772558346ac8b"
      url: "https://pub.dartlang.org"
    source: hosted
    version: "0.1.2"
  firebase_core:
    dependency: "direct main"
    description:
      name: firebase_core
      sha256: d46646e0a373b8cc23345ee94b187c7f8de88ab5c3e7b2191083569bf3a6bbf3
      url: "https://pub.dartlang.org"
    source: hosted
    version: "0.4.4+3"
  firebase_core_platform_interface:
    dependency: transitive
    description:
      name: firebase_core_platform_interface
      sha256: fc3a2f1ea9d234ddc0fc2700cc943be09a4e332403491b1cf2f082a47b2e306b
      url: "https://pub.dartlang.org"
    source: hosted
    version: "1.0.4"
  firebase_core_web:
    dependency: transitive
    description:
      name: firebase_core_web
      sha256: "6306ab08d30b386e73d8af1d41f93bf59814f96850f527166f324125e600ea4c"
      url: "https://pub.dartlang.org"
    source: hosted
    version: "0.1.1+2"
  firebase_messaging:
    dependency: "direct main"
    description:
      name: firebase_messaging
      sha256: "8379b7c58aeba8d9eedf2d0d59a0e8628e5f677fb2a4a6f902f80948f4495b6a"
      url: "https://pub.dartlang.org"
    source: hosted
    version: "6.0.13"
  firebase_storage:
    dependency: "direct main"
    description:
      name: firebase_storage
      sha256: "59916cc279908cabf2cbbd29888e0e37a49e655ae419ff741de5d4ac16d87814"
      url: "https://pub.dartlang.org"
    source: hosted
    version: "3.1.5"
  flutter:
    dependency: "direct main"
    description: flutter
    source: sdk
    version: "0.0.0"
  flutter_advanced_networkimage:
    dependency: transitive
    description:
      name: flutter_advanced_networkimage
      sha256: "5f43f1e623e7e1a088b3a144955e2bbf1f29639f6eda089d2a0924eed2089e92"
      url: "https://pub.dartlang.org"
    source: hosted
    version: "0.7.0"
  flutter_cache_manager:
    dependency: transitive
    description:
      name: flutter_cache_manager
      sha256: "682e88c2de2a96a0106b5bb93ba3b1e089ed9b6e35567fa7740b21a26649a73b"
      url: "https://pub.dartlang.org"
    source: hosted
    version: "1.2.2"
  flutter_icons:
    dependency: "direct main"
    description:
      name: flutter_icons
      sha256: ad1c830f729c71216372d1a8d62c08c6dd792227d9492d5130aea5e391210a9f
      url: "https://pub.dartlang.org"
    source: hosted
    version: "1.1.0"
  flutter_plugin_android_lifecycle:
    dependency: transitive
    description:
      name: flutter_plugin_android_lifecycle
      sha256: "874c97e15d41b3f76f9478b84ee42ca0ba32423ae6d7088b88fe25ba963db6e9"
      url: "https://pub.dartlang.org"
    source: hosted
    version: "1.0.6"
  flutter_svg:
    dependency: transitive
    description:
      name: flutter_svg
      sha256: "565738e46beb692622c0fad7419aabcc54d15693845049085948c76406da386f"
      url: "https://pub.dartlang.org"
    source: hosted
    version: "0.17.4"
  flutter_test:
    dependency: "direct dev"
    description: flutter
    source: sdk
    version: "0.0.0"
  flutter_web_plugins:
    dependency: transitive
    description: flutter
    source: sdk
    version: "0.0.0"
  fluttertoast:
    dependency: "direct main"
    description:
      name: fluttertoast
      sha256: "5e37432ac4d365dad9b5e19871564272f61239360c1446228b12b28c15598127"
      url: "https://pub.dartlang.org"
    source: hosted
    version: "4.0.1"
  http:
    dependency: "direct main"
    description:
      name: http
      sha256: "411262398b34f52b9baac4860a1aa6e4779037ba9289c19b4cd16928efa97a2b"
      url: "https://pub.dartlang.org"
    source: hosted
    version: "0.12.2"
  http_parser:
    dependency: transitive
    description:
      name: http_parser
      sha256: "9d2b0626e9e402fc98e6868360da8f256064d6c0b8e4c3edcca5e02fb0b95da9"
      url: "https://pub.dartlang.org"
    source: hosted
    version: "3.1.4"
  image_picker:
    dependency: "direct main"
    description:
      name: image_picker
      sha256: "7c68734b36eb01e35c1c116d0aad1fd838e9adaeea7811014d28d8e6c0a04e24"
      url: "https://pub.dartlang.org"
    source: hosted
    version: "0.6.4"
  infinite_listview:
    dependency: transitive
    description:
      name: infinite_listview
      sha256: "2868ded02e81287ded625d191e92e7ea64c8bba0de6b49660dbff67c4eae3151"
      url: "https://pub.dartlang.org"
    source: hosted
    version: "1.0.1+1"
  intl:
    dependency: transitive
    description:
      name: intl
      sha256: "4691515bb3f68ebbc4776bc97a84d429bb8e8c141a77b5ab988a4b02adb1747a"
      url: "https://pub.dartlang.org"
    source: hosted
    version: "0.16.1"
  js:
    dependency: transitive
    description:
      name: js
      sha256: "5528c2f391ededb7775ec1daa69e65a2d61276f7552de2b5f7b8d34ee9fd4ab7"
      url: "https://pub.dartlang.org"
    source: hosted
    version: "0.6.5"
  matcher:
    dependency: transitive
    description:
      name: matcher
      sha256: "16db949ceee371e9b99d22f88fa3a73c4e59fd0afed0bd25fc336eb76c198b72"
      url: "https://pub.dartlang.org"
    source: hosted
    version: "0.12.13"
  material_color_utilities:
    dependency: transitive
    description:
      name: material_color_utilities
      sha256: d92141dc6fe1dad30722f9aa826c7fbc896d021d792f80678280601aff8cf724
      url: "https://pub.dartlang.org"
    source: hosted
    version: "0.2.0"
  meta:
    dependency: transitive
    description:
      name: meta
      sha256: "6c268b42ed578a53088d834796959e4a1814b5e9e164f147f580a386e5decf42"
      url: "https://pub.dartlang.org"
    source: hosted
    version: "1.8.0"
  nested:
    dependency: transitive
    description:
      name: nested
      sha256: d3492747c400f5639b9d7d76a20d73b51581de20f8dab0d861d839e5a8aa6be5
      url: "https://pub.dartlang.org"
    source: hosted
    version: "0.0.4"
  numberpicker:
    dependency: transitive
    description:
      name: numberpicker
      sha256: d3bd3e09ad1f0080bc8b874d32f1507448efc7d7b0a7f5568be4ce53c2244438
      url: "https://pub.dartlang.org"
    source: hosted
    version: "1.2.0"
  open_iconic_flutter:
    dependency: transitive
    description:
      name: open_iconic_flutter
      sha256: "9baf38b03474effaa9b9c1719220ab09cc52bbe8a39b54e017333ab772ffe467"
      url: "https://pub.dartlang.org"
    source: hosted
    version: "0.3.0"
  path:
    dependency: transitive
    description:
      name: path
      sha256: db9d4f58c908a4ba5953fcee2ae317c94889433e5024c27ce74a37f94267945b
      url: "https://pub.dartlang.org"
    source: hosted
    version: "1.8.2"
  path_drawing:
    dependency: transitive
    description:
      name: path_drawing
      sha256: f084d82ffbbf8b6f7557987929032fd5b9a9f8e8dc0ab72036591f50389347db
      url: "https://pub.dartlang.org"
    source: hosted
    version: "0.4.1"
  path_parsing:
    dependency: transitive
    description:
      name: path_parsing
      sha256: "4e613c811d25f1533c0d05eb2755e21410247b8a13ac7f6cd23c0cecb2ff683d"
      url: "https://pub.dartlang.org"
    source: hosted
    version: "0.1.4"
  path_provider:
    dependency: transitive
    description:
      name: path_provider
      sha256: b2cf36ac1b26e7ecbea5286e0c451434af47b81a0c33b4ab65cdccb93d221380
      url: "https://pub.dartlang.org"
    source: hosted
    version: "1.6.5"
  path_provider_macos:
    dependency: transitive
    description:
      name: path_provider_macos
      sha256: cd592bec4e9ce9b28b15e145f24a9f8da9a6633acb2662efc0a70fbed7d40fd9
      url: "https://pub.dartlang.org"
    source: hosted
    version: "0.0.4"
  path_provider_platform_interface:
    dependency: transitive
    description:
      name: path_provider_platform_interface
      sha256: "6756134898dc3f274cfef6093c08a1f84fe26dfaed78cf826fc89fe94ef12520"
      url: "https://pub.dartlang.org"
    source: hosted
    version: "1.0.1"
  pedantic:
    dependency: transitive
    description:
      name: pedantic
      sha256: "47dbb0d43378d6505c9863c4f7096a82b88efb0a5c948f937ca9f0c67f099da4"
      url: "https://pub.dartlang.org"
    source: hosted
    version: "1.8.0+1"
  petitparser:
    dependency: transitive
    description:
      name: petitparser
      sha256: "4525e4341c9aabc4023700abff9b2e26f969dff9476ddf8f40de63ee5748acab"
      url: "https://pub.dartlang.org"
    source: hosted
    version: "2.4.0"
  photo_view:
    dependency: "direct main"
    description:
      name: photo_view
      sha256: "396ba0623d054764e8a621b7e67cba274240af397e188e885ff6339908792747"
      url: "https://pub.dartlang.org"
    source: hosted
    version: "0.9.2"
  platform:
    dependency: transitive
    description:
      name: platform
      sha256: "2d03e4330ae22fc7fc0dd38c1fc6d0a9dc7ff10d7deea6dbb2583f7e5c053453"
      url: "https://pub.dartlang.org"
    source: hosted
    version: "2.2.1"
  plugin_platform_interface:
    dependency: transitive
    description:
      name: plugin_platform_interface
      sha256: "3c3d17d0012f7388b8beb79a4517cd2f25b66aa09f9f99f9adcaada6ea6f46f1"
      url: "https://pub.dartlang.org"
    source: hosted
    version: "1.0.2"
  progress_dialog:
    dependency: "direct main"
    description:
      name: progress_dialog
      sha256: "5ffb91398c9eda2a598d2611837a08cc942a157cf1f1e57df3de3cc67be268a2"
      url: "https://pub.dartlang.org"
    source: hosted
    version: "1.2.1"
  provider:
    dependency: "direct main"
    description:
      name: provider
      sha256: "2789bfc4a202fdb6ea71eb4f237fe16012bec59f7d31f10a88331eb3e188a120"
      url: "https://pub.dartlang.org"
    source: hosted
    version: "4.0.5"
  quiver:
    dependency: transitive
    description:
      name: quiver
      sha256: "16169b1cc79f01d9c47fe05b5670b87cbf7f5cfc77757369f245c36a6ae2b290"
      url: "https://pub.dartlang.org"
    source: hosted
    version: "2.1.3"
  rxdart:
    dependency: transitive
    description:
      name: rxdart
      sha256: "09b328f6683c6c35e72739cec570db7ace18e5af947ea5781938a2ea0f1f1a2e"
      url: "https://pub.dartlang.org"
    source: hosted
    version: "0.24.0"
  shared_preferences:
    dependency: "direct main"
    description:
      name: shared_preferences
      sha256: dfe2f7431e368ee5722237a8ea0083f870ab929cc012bc8ae8e52d1192abe87c
      url: "https://pub.dartlang.org"
    source: hosted
    version: "0.5.6+3"
  shared_preferences_macos:
    dependency: transitive
    description:
      name: shared_preferences_macos
      sha256: c9330653538dd07b35b038728008b1e177caa106497ba82fa768be82db08b04a
      url: "https://pub.dartlang.org"
    source: hosted
    version: "0.0.1+6"
  shared_preferences_platform_interface:
    dependency: transitive
    description:
      name: shared_preferences_platform_interface
      sha256: a2359f6d5535f8ea0e328dfb4a1457c917f600236a9eded2ff7f21088b1caa4a
      url: "https://pub.dartlang.org"
    source: hosted
    version: "1.0.3"
  shared_preferences_web:
    dependency: transitive
    description:
      name: shared_preferences_web
      sha256: c7e790b9d9f6b27f44f9b4b9c2e3cf1a07fc6751230ab3321157b2226405e8cc
      url: "https://pub.dartlang.org"
    source: hosted
    version: "0.1.2+4"
  sky_engine:
    dependency: transitive
    description: flutter
    source: sdk
    version: "0.0.99"
  source_span:
    dependency: transitive
    description:
      name: source_span
      sha256: dd904f795d4b4f3b870833847c461801f6750a9fa8e61ea5ac53f9422b31f250
      url: "https://pub.dartlang.org"
    source: hosted
    version: "1.9.1"
  sqflite:
    dependency: transitive
    description:
      name: sqflite
      sha256: e9d202deeda3c5c4d7d0468da5c0e344fe9d9da46bbbd21d09677c897dd01c70
      url: "https://pub.dartlang.org"
    source: hosted
    version: "1.3.0"
  sqflite_common:
    dependency: transitive
    description:
      name: sqflite_common
      sha256: fed2b61b5227bc3b71c19cadfec8c42abdd80fca51853b63a280ebcab498b15c
      url: "https://pub.dartlang.org"
    source: hosted
    version: "1.0.0+1"
  stack_trace:
    dependency: transitive
    description:
      name: stack_trace
      sha256: c3c7d8edb15bee7f0f74debd4b9c5f3c2ea86766fe4178eb2a18eb30a0bdaed5
      url: "https://pub.dartlang.org"
    source: hosted
    version: "1.11.0"
  stream_channel:
    dependency: transitive
    description:
      name: stream_channel
      sha256: "83615bee9045c1d322bbbd1ba209b7a749c2cbcdcb3fdd1df8eb488b3279c1c8"
      url: "https://pub.dartlang.org"
    source: hosted
    version: "2.1.1"
  string_scanner:
    dependency: transitive
    description:
      name: string_scanner
      sha256: "556692adab6cfa87322a115640c11f13cb77b3f076ddcc5d6ae3c20242bedcde"
      url: "https://pub.dartlang.org"
    source: hosted
    version: "1.2.0"
  synchronized:
    dependency: transitive
    description:
      name: synchronized
      sha256: "3aec6b8760ed0b7e571575d1a98c5589f1dab70561a6db248846b47e89ba759c"
      url: "https://pub.dartlang.org"
    source: hosted
    version: "2.2.0"
  term_glyph:
    dependency: transitive
    description:
      name: term_glyph
      sha256: a29248a84fbb7c79282b40b8c72a1209db169a2e0542bce341da992fe1bc7e84
      url: "https://pub.dartlang.org"
    source: hosted
    version: "1.2.1"
  test_api:
    dependency: transitive
    description:
      name: test_api
      sha256: ad540f65f92caa91bf21dfc8ffb8c589d6e4dc0c2267818b4cc2792857706206
      url: "https://pub.dartlang.org"
    source: hosted
    version: "0.4.16"
  typed_data:
    dependency: transitive
    description:
      name: typed_data
      sha256: c658af5f6dca146cfeb54a0908dbf8cbdcbef9e7e375541539b38be1694fe2bf
      url: "https://pub.dartlang.org"
    source: hosted
    version: "1.1.6"
  url_launcher:
    dependency: "direct main"
    description:
      name: url_launcher
      sha256: "94e7deff54bd64daa0b9829b0b4732e5fd7c6219a358a43544323e8d4b04927a"
      url: "https://pub.dartlang.org"
    source: hosted
    version: "5.4.2"
  url_launcher_macos:
    dependency: transitive
    description:
      name: url_launcher_macos
      sha256: "722b741c185a42078fb3a5fefc3cee2162ce7f6c3d134ecc1c35378d7a4ab053"
      url: "https://pub.dartlang.org"
    source: hosted
    version: "0.0.1+4"
  url_launcher_platform_interface:
    dependency: transitive
    description:
      name: url_launcher_platform_interface
      sha256: "8f7f3c4fac5a262808a1b5ef655c4637676c3e7985e02c14c3652a74d4925c10"
      url: "https://pub.dartlang.org"
    source: hosted
    version: "1.0.6"
  url_launcher_web:
    dependency: transitive
    description:
      name: url_launcher_web
      sha256: "5d42ce19bf45cc5d666caed102b1565aea589d03028df1893fa2808d6af30513"
      url: "https://pub.dartlang.org"
    source: hosted
    version: "0.1.1+1"
  uuid:
    dependency: transitive
    description:
      name: uuid
      sha256: "4c4896fe3a875c35334c6ef9b7647ee9ee7b41032397a904fb3a35cbe677d56e"
      url: "https://pub.dartlang.org"
    source: hosted
    version: "2.0.4"
  vector_math:
    dependency: transitive
    description:
      name: vector_math
      sha256: "80b3257d1492ce4d091729e3a67a60407d227c27241d6927be0130c98e741803"
      url: "https://pub.dartlang.org"
    source: hosted
    version: "2.1.4"
  video_player:
    dependency: "direct main"
    description:
      name: video_player
      sha256: "2083982b3a30291bff3ab30a58c627ce727f883375f029943176d877dfe8ac9f"
      url: "https://pub.dartlang.org"
    source: hosted
    version: "0.10.8+1"
  video_player_platform_interface:
    dependency: transitive
    description:
      name: video_player_platform_interface
      sha256: "8116acf5b3c5d8db12ac8c87f5739264836875158aa462383033673293276632"
      url: "https://pub.dartlang.org"
    source: hosted
    version: "1.0.5"
  video_player_web:
    dependency: transitive
    description:
      name: video_player_web
      sha256: f9c6ce28f26381291c027554dba7d4242b03fb4f0b51e55fc3c371e1a27a529f
      url: "https://pub.dartlang.org"
    source: hosted
    version: "0.1.2+1"
  wakelock:
    dependency: transitive
    description:
      name: wakelock
      sha256: "9ee82528ae57fc6eb51212e4de51bebbc3d69fae4084789a170bdd5dad41dacc"
      url: "https://pub.dartlang.org"
    source: hosted
    version: "0.1.4+1"
  xml:
    dependency: transitive
    description:
      name: xml
      sha256: "8501c1516b03e10ea0adb38531188e0d2817a58f734b1c1f579f4db5465e1b6b"
      url: "https://pub.dartlang.org"
    source: hosted
    version: "3.6.1"
sdks:
  dart: ">=2.7.0 <3.0.0"
  flutter: ">=1.12.13+hotfix.5"
